// !$*UTF8*$!
{
	archiveVersion = 1;
	classes = {
	};
	objectVersion = 55;
	objects = {

/* Begin PBXBuildFile section */
		A809C20F26FD5096005F2FF3 /* AlamofireImage in Frameworks */ = {isa = PBXBuildFile; productRef = A809C20E26FD5096005F2FF3 /* AlamofireImage */; };
		A850535C26FBE1FE00A101EE /* AppDelegate.swift in Sources */ = {isa = PBXBuildFile; fileRef = A850535B26FBE1FE00A101EE /* AppDelegate.swift */; };
		A850535E26FBE1FE00A101EE /* SceneDelegate.swift in Sources */ = {isa = PBXBuildFile; fileRef = A850535D26FBE1FE00A101EE /* SceneDelegate.swift */; };
		A850536026FBE1FE00A101EE /* ViewController.swift in Sources */ = {isa = PBXBuildFile; fileRef = A850535F26FBE1FE00A101EE /* ViewController.swift */; };
		A850536326FBE1FE00A101EE /* Main.storyboard in Resources */ = {isa = PBXBuildFile; fileRef = A850536126FBE1FE00A101EE /* Main.storyboard */; };
		A850536526FBE1FF00A101EE /* Assets.xcassets in Resources */ = {isa = PBXBuildFile; fileRef = A850536426FBE1FF00A101EE /* Assets.xcassets */; };
		A850536826FBE1FF00A101EE /* LaunchScreen.storyboard in Resources */ = {isa = PBXBuildFile; fileRef = A850536626FBE1FF00A101EE /* LaunchScreen.storyboard */; };
		A850537326FBE1FF00A101EE /* FlixTests.swift in Sources */ = {isa = PBXBuildFile; fileRef = A850537226FBE1FF00A101EE /* FlixTests.swift */; };
		A850537D26FBE1FF00A101EE /* FlixUITests.swift in Sources */ = {isa = PBXBuildFile; fileRef = A850537C26FBE1FF00A101EE /* FlixUITests.swift */; };
		A850537F26FBE1FF00A101EE /* FlixUITestsLaunchTests.swift in Sources */ = {isa = PBXBuildFile; fileRef = A850537E26FBE1FF00A101EE /* FlixUITestsLaunchTests.swift */; };
		A850538C26FBEB8300A101EE /* MoviesViewController.swift in Sources */ = {isa = PBXBuildFile; fileRef = A850538B26FBEB8300A101EE /* MoviesViewController.swift */; };
		A850538E26FBF5CE00A101EE /* MovieCell.swift in Sources */ = {isa = PBXBuildFile; fileRef = A850538D26FBF5CE00A101EE /* MovieCell.swift */; };
/* End PBXBuildFile section */

/* Begin PBXContainerItemProxy section */
		A850536F26FBE1FF00A101EE /* PBXContainerItemProxy */ = {
			isa = PBXContainerItemProxy;
			containerPortal = A850535026FBE1FE00A101EE /* Project object */;
			proxyType = 1;
			remoteGlobalIDString = A850535726FBE1FE00A101EE;
			remoteInfo = Flix;
		};
		A850537926FBE1FF00A101EE /* PBXContainerItemProxy */ = {
			isa = PBXContainerItemProxy;
			containerPortal = A850535026FBE1FE00A101EE /* Project object */;
			proxyType = 1;
			remoteGlobalIDString = A850535726FBE1FE00A101EE;
			remoteInfo = Flix;
		};
/* End PBXContainerItemProxy section */

/* Begin PBXFileReference section */
		A850535826FBE1FE00A101EE /* Flix.app */ = {isa = PBXFileReference; explicitFileType = wrapper.application; includeInIndex = 0; path = Flix.app; sourceTree = BUILT_PRODUCTS_DIR; };
		A850535B26FBE1FE00A101EE /* AppDelegate.swift */ = {isa = PBXFileReference; lastKnownFileType = sourcecode.swift; path = AppDelegate.swift; sourceTree = "<group>"; };
		A850535D26FBE1FE00A101EE /* SceneDelegate.swift */ = {isa = PBXFileReference; lastKnownFileType = sourcecode.swift; path = SceneDelegate.swift; sourceTree = "<group>"; };
		A850535F26FBE1FE00A101EE /* ViewController.swift */ = {isa = PBXFileReference; lastKnownFileType = sourcecode.swift; path = ViewController.swift; sourceTree = "<group>"; };
		A850536226FBE1FE00A101EE /* Base */ = {isa = PBXFileReference; lastKnownFileType = file.storyboard; name = Base; path = Base.lproj/Main.storyboard; sourceTree = "<group>"; };
		A850536426FBE1FF00A101EE /* Assets.xcassets */ = {isa = PBXFileReference; lastKnownFileType = folder.assetcatalog; path = Assets.xcassets; sourceTree = "<group>"; };
		A850536726FBE1FF00A101EE /* Base */ = {isa = PBXFileReference; lastKnownFileType = file.storyboard; name = Base; path = Base.lproj/LaunchScreen.storyboard; sourceTree = "<group>"; };
		A850536926FBE1FF00A101EE /* Info.plist */ = {isa = PBXFileReference; lastKnownFileType = text.plist.xml; path = Info.plist; sourceTree = "<group>"; };
		A850536E26FBE1FF00A101EE /* FlixTests.xctest */ = {isa = PBXFileReference; explicitFileType = wrapper.cfbundle; includeInIndex = 0; path = FlixTests.xctest; sourceTree = BUILT_PRODUCTS_DIR; };
		A850537226FBE1FF00A101EE /* FlixTests.swift */ = {isa = PBXFileReference; lastKnownFileType = sourcecode.swift; path = FlixTests.swift; sourceTree = "<group>"; };
		A850537826FBE1FF00A101EE /* FlixUITests.xctest */ = {isa = PBXFileReference; explicitFileType = wrapper.cfbundle; includeInIndex = 0; path = FlixUITests.xctest; sourceTree = BUILT_PRODUCTS_DIR; };
		A850537C26FBE1FF00A101EE /* FlixUITests.swift */ = {isa = PBXFileReference; lastKnownFileType = sourcecode.swift; path = FlixUITests.swift; sourceTree = "<group>"; };
		A850537E26FBE1FF00A101EE /* FlixUITestsLaunchTests.swift */ = {isa = PBXFileReference; lastKnownFileType = sourcecode.swift; path = FlixUITestsLaunchTests.swift; sourceTree = "<group>"; };
		A850538B26FBEB8300A101EE /* MoviesViewController.swift */ = {isa = PBXFileReference; lastKnownFileType = sourcecode.swift; path = MoviesViewController.swift; sourceTree = "<group>"; };
		A850538D26FBF5CE00A101EE /* MovieCell.swift */ = {isa = PBXFileReference; lastKnownFileType = sourcecode.swift; path = MovieCell.swift; sourceTree = "<group>"; };
/* End PBXFileReference section */

/* Begin PBXFrameworksBuildPhase section */
		A850535526FBE1FE00A101EE /* Frameworks */ = {
			isa = PBXFrameworksBuildPhase;
			buildActionMask = 2147483647;
			files = (
				A809C20F26FD5096005F2FF3 /* AlamofireImage in Frameworks */,
			);
			runOnlyForDeploymentPostprocessing = 0;
		};
		A850536B26FBE1FF00A101EE /* Frameworks */ = {
			isa = PBXFrameworksBuildPhase;
			buildActionMask = 2147483647;
			files = (
			);
			runOnlyForDeploymentPostprocessing = 0;
		};
		A850537526FBE1FF00A101EE /* Frameworks */ = {
			isa = PBXFrameworksBuildPhase;
			buildActionMask = 2147483647;
			files = (
			);
			runOnlyForDeploymentPostprocessing = 0;
		};
/* End PBXFrameworksBuildPhase section */

/* Begin PBXGroup section */
		A850534F26FBE1FE00A101EE = {
			isa = PBXGroup;
			children = (
				A850535A26FBE1FE00A101EE /* Flix */,
				A850537126FBE1FF00A101EE /* FlixTests */,
				A850537B26FBE1FF00A101EE /* FlixUITests */,
				A850535926FBE1FE00A101EE /* Products */,
			);
			sourceTree = "<group>";
		};
		A850535926FBE1FE00A101EE /* Products */ = {
			isa = PBXGroup;
			children = (
				A850535826FBE1FE00A101EE /* Flix.app */,
				A850536E26FBE1FF00A101EE /* FlixTests.xctest */,
				A850537826FBE1FF00A101EE /* FlixUITests.xctest */,
			);
			name = Products;
			sourceTree = "<group>";
		};
		A850535A26FBE1FE00A101EE /* Flix */ = {
			isa = PBXGroup;
			children = (
				A850535B26FBE1FE00A101EE /* AppDelegate.swift */,
				A850535D26FBE1FE00A101EE /* SceneDelegate.swift */,
				A850535F26FBE1FE00A101EE /* ViewController.swift */,
				A850536126FBE1FE00A101EE /* Main.storyboard */,
				A850538D26FBF5CE00A101EE /* MovieCell.swift */,
				A850536426FBE1FF00A101EE /* Assets.xcassets */,
				A850536626FBE1FF00A101EE /* LaunchScreen.storyboard */,
				A850536926FBE1FF00A101EE /* Info.plist */,
				A850538B26FBEB8300A101EE /* MoviesViewController.swift */,
			);
			path = Flix;
			sourceTree = "<group>";
		};
		A850537126FBE1FF00A101EE /* FlixTests */ = {
			isa = PBXGroup;
			children = (
				A850537226FBE1FF00A101EE /* FlixTests.swift */,
			);
			path = FlixTests;
			sourceTree = "<group>";
		};
		A850537B26FBE1FF00A101EE /* FlixUITests */ = {
			isa = PBXGroup;
			children = (
				A850537C26FBE1FF00A101EE /* FlixUITests.swift */,
				A850537E26FBE1FF00A101EE /* FlixUITestsLaunchTests.swift */,
			);
			path = FlixUITests;
			sourceTree = "<group>";
		};
/* End PBXGroup section */

/* Begin PBXNativeTarget section */
		A850535726FBE1FE00A101EE /* Flix */ = {
			isa = PBXNativeTarget;
			buildConfigurationList = A850538226FBE1FF00A101EE /* Build configuration list for PBXNativeTarget "Flix" */;
			buildPhases = (
				A850535426FBE1FE00A101EE /* Sources */,
				A850535526FBE1FE00A101EE /* Frameworks */,
				A850535626FBE1FE00A101EE /* Resources */,
			);
			buildRules = (
			);
			dependencies = (
			);
			name = Flix;
			packageProductDependencies = (
				A809C20E26FD5096005F2FF3 /* AlamofireImage */,
			);
			productName = Flix;
			productReference = A850535826FBE1FE00A101EE /* Flix.app */;
			productType = "com.apple.product-type.application";
		};
		A850536D26FBE1FF00A101EE /* FlixTests */ = {
			isa = PBXNativeTarget;
			buildConfigurationList = A850538526FBE1FF00A101EE /* Build configuration list for PBXNativeTarget "FlixTests" */;
			buildPhases = (
				A850536A26FBE1FF00A101EE /* Sources */,
				A850536B26FBE1FF00A101EE /* Frameworks */,
				A850536C26FBE1FF00A101EE /* Resources */,
			);
			buildRules = (
			);
			dependencies = (
				A850537026FBE1FF00A101EE /* PBXTargetDependency */,
			);
			name = FlixTests;
			productName = FlixTests;
			productReference = A850536E26FBE1FF00A101EE /* FlixTests.xctest */;
			productType = "com.apple.product-type.bundle.unit-test";
		};
		A850537726FBE1FF00A101EE /* FlixUITests */ = {
			isa = PBXNativeTarget;
			buildConfigurationList = A850538826FBE1FF00A101EE /* Build configuration list for PBXNativeTarget "FlixUITests" */;
			buildPhases = (
				A850537426FBE1FF00A101EE /* Sources */,
				A850537526FBE1FF00A101EE /* Frameworks */,
				A850537626FBE1FF00A101EE /* Resources */,
			);
			buildRules = (
			);
			dependencies = (
				A850537A26FBE1FF00A101EE /* PBXTargetDependency */,
			);
			name = FlixUITests;
			productName = FlixUITests;
			productReference = A850537826FBE1FF00A101EE /* FlixUITests.xctest */;
			productType = "com.apple.product-type.bundle.ui-testing";
		};
/* End PBXNativeTarget section */

/* Begin PBXProject section */
		A850535026FBE1FE00A101EE /* Project object */ = {
			isa = PBXProject;
			attributes = {
				BuildIndependentTargetsInParallel = 1;
				LastSwiftUpdateCheck = 1300;
				LastUpgradeCheck = 1300;
				TargetAttributes = {
					A850535726FBE1FE00A101EE = {
						CreatedOnToolsVersion = 13.0;
					};
					A850536D26FBE1FF00A101EE = {
						CreatedOnToolsVersion = 13.0;
						TestTargetID = A850535726FBE1FE00A101EE;
					};
					A850537726FBE1FF00A101EE = {
						CreatedOnToolsVersion = 13.0;
						TestTargetID = A850535726FBE1FE00A101EE;
					};
				};
			};
			buildConfigurationList = A850535326FBE1FE00A101EE /* Build configuration list for PBXProject "Flix" */;
			compatibilityVersion = "Xcode 13.0";
			developmentRegion = en;
			hasScannedForEncodings = 0;
			knownRegions = (
				en,
				Base,
			);
			mainGroup = A850534F26FBE1FE00A101EE;
			packageReferences = (
				A809C20D26FD5096005F2FF3 /* XCRemoteSwiftPackageReference "AlamofireImage" */,
			);
			productRefGroup = A850535926FBE1FE00A101EE /* Products */;
			projectDirPath = "";
			projectRoot = "";
			targets = (
				A850535726FBE1FE00A101EE /* Flix */,
				A850536D26FBE1FF00A101EE /* FlixTests */,
				A850537726FBE1FF00A101EE /* FlixUITests */,
			);
		};
/* End PBXProject section */

/* Begin PBXResourcesBuildPhase section */
		A850535626FBE1FE00A101EE /* Resources */ = {
			isa = PBXResourcesBuildPhase;
			buildActionMask = 2147483647;
			files = (
				A850536826FBE1FF00A101EE /* LaunchScreen.storyboard in Resources */,
				A850536526FBE1FF00A101EE /* Assets.xcassets in Resources */,
				A850536326FBE1FE00A101EE /* Main.storyboard in Resources */,
			);
			runOnlyForDeploymentPostprocessing = 0;
		};
		A850536C26FBE1FF00A101EE /* Resources */ = {
			isa = PBXResourcesBuildPhase;
			buildActionMask = 2147483647;
			files = (
			);
			runOnlyForDeploymentPostprocessing = 0;
		};
		A850537626FBE1FF00A101EE /* Resources */ = {
			isa = PBXResourcesBuildPhase;
			buildActionMask = 2147483647;
			files = (
			);
			runOnlyForDeploymentPostprocessing = 0;
		};
/* End PBXResourcesBuildPhase section */

/* Begin PBXSourcesBuildPhase section */
		A850535426FBE1FE00A101EE /* Sources */ = {
			isa = PBXSourcesBuildPhase;
			buildActionMask = 2147483647;
			files = (
				A850536026FBE1FE00A101EE /* ViewController.swift in Sources */,
				A850535C26FBE1FE00A101EE /* AppDelegate.swift in Sources */,
				A850535E26FBE1FE00A101EE /* SceneDelegate.swift in Sources */,
				A850538E26FBF5CE00A101EE /* MovieCell.swift in Sources */,
				A850538C26FBEB8300A101EE /* MoviesViewController.swift in Sources */,
			);
			runOnlyForDeploymentPostprocessing = 0;
		};
		A850536A26FBE1FF00A101EE /* Sources */ = {
			isa = PBXSourcesBuildPhase;
			buildActionMask = 2147483647;
			files = (
				A850537326FBE1FF00A101EE /* FlixTests.swift in Sources */,
			);
			runOnlyForDeploymentPostprocessing = 0;
		};
		A850537426FBE1FF00A101EE /* Sources */ = {
			isa = PBXSourcesBuildPhase;
			buildActionMask = 2147483647;
			files = (
				A850537D26FBE1FF00A101EE /* FlixUITests.swift in Sources */,
				A850537F26FBE1FF00A101EE /* FlixUITestsLaunchTests.swift in Sources */,
			);
			runOnlyForDeploymentPostprocessing = 0;
		};
/* End PBXSourcesBuildPhase section */

/* Begin PBXTargetDependency section */
		A850537026FBE1FF00A101EE /* PBXTargetDependency */ = {
			isa = PBXTargetDependency;
			target = A850535726FBE1FE00A101EE /* Flix */;
			targetProxy = A850536F26FBE1FF00A101EE /* PBXContainerItemProxy */;
		};
		A850537A26FBE1FF00A101EE /* PBXTargetDependency */ = {
			isa = PBXTargetDependency;
			target = A850535726FBE1FE00A101EE /* Flix */;
			targetProxy = A850537926FBE1FF00A101EE /* PBXContainerItemProxy */;
		};
/* End PBXTargetDependency section */

/* Begin PBXVariantGroup section */
		A850536126FBE1FE00A101EE /* Main.storyboard */ = {
			isa = PBXVariantGroup;
			children = (
				A850536226FBE1FE00A101EE /* Base */,
			);
			name = Main.storyboard;
			sourceTree = "<group>";
		};
		A850536626FBE1FF00A101EE /* LaunchScreen.storyboard */ = {
			isa = PBXVariantGroup;
			children = (
				A850536726FBE1FF00A101EE /* Base */,
			);
			name = LaunchScreen.storyboard;
			sourceTree = "<group>";
		};
/* End PBXVariantGroup section */

/* Begin XCBuildConfiguration section */
		A850538026FBE1FF00A101EE /* Debug */ = {
			isa = XCBuildConfiguration;
			buildSettings = {
				ALWAYS_SEARCH_USER_PATHS = NO;
				CLANG_ANALYZER_NONNULL = YES;
				CLANG_ANALYZER_NUMBER_OBJECT_CONVERSION = YES_AGGRESSIVE;
				CLANG_CXX_LANGUAGE_STANDARD = "gnu++17";
				CLANG_CXX_LIBRARY = "libc++";
				CLANG_ENABLE_MODULES = YES;
				CLANG_ENABLE_OBJC_ARC = YES;
				CLANG_ENABLE_OBJC_WEAK = YES;
				CLANG_WARN_BLOCK_CAPTURE_AUTORELEASING = YES;
				CLANG_WARN_BOOL_CONVERSION = YES;
				CLANG_WARN_COMMA = YES;
				CLANG_WARN_CONSTANT_CONVERSION = YES;
				CLANG_WARN_DEPRECATED_OBJC_IMPLEMENTATIONS = YES;
				CLANG_WARN_DIRECT_OBJC_ISA_USAGE = YES_ERROR;
				CLANG_WARN_DOCUMENTATION_COMMENTS = YES;
				CLANG_WARN_EMPTY_BODY = YES;
				CLANG_WARN_ENUM_CONVERSION = YES;
				CLANG_WARN_INFINITE_RECURSION = YES;
				CLANG_WARN_INT_CONVERSION = YES;
				CLANG_WARN_NON_LITERAL_NULL_CONVERSION = YES;
				CLANG_WARN_OBJC_IMPLICIT_RETAIN_SELF = YES;
				CLANG_WARN_OBJC_LITERAL_CONVERSION = YES;
				CLANG_WARN_OBJC_ROOT_CLASS = YES_ERROR;
				CLANG_WARN_QUOTED_INCLUDE_IN_FRAMEWORK_HEADER = YES;
				CLANG_WARN_RANGE_LOOP_ANALYSIS = YES;
				CLANG_WARN_STRICT_PROTOTYPES = YES;
				CLANG_WARN_SUSPICIOUS_MOVE = YES;
				CLANG_WARN_UNGUARDED_AVAILABILITY = YES_AGGRESSIVE;
				CLANG_WARN_UNREACHABLE_CODE = YES;
				CLANG_WARN__DUPLICATE_METHOD_MATCH = YES;
				COPY_PHASE_STRIP = NO;
				DEBUG_INFORMATION_FORMAT = dwarf;
				ENABLE_STRICT_OBJC_MSGSEND = YES;
				ENABLE_TESTABILITY = YES;
				GCC_C_LANGUAGE_STANDARD = gnu11;
				GCC_DYNAMIC_NO_PIC = NO;
				GCC_NO_COMMON_BLOCKS = YES;
				GCC_OPTIMIZATION_LEVEL = 0;
				GCC_PREPROCESSOR_DEFINITIONS = (
					"DEBUG=1",
					"$(inherited)",
				);
				GCC_WARN_64_TO_32_BIT_CONVERSION = YES;
				GCC_WARN_ABOUT_RETURN_TYPE = YES_ERROR;
				GCC_WARN_UNDECLARED_SELECTOR = YES;
				GCC_WARN_UNINITIALIZED_AUTOS = YES_AGGRESSIVE;
				GCC_WARN_UNUSED_FUNCTION = YES;
				GCC_WARN_UNUSED_VARIABLE = YES;
				IPHONEOS_DEPLOYMENT_TARGET = 15.0;
				MTL_ENABLE_DEBUG_INFO = INCLUDE_SOURCE;
				MTL_FAST_MATH = YES;
				ONLY_ACTIVE_ARCH = YES;
				SDKROOT = iphoneos;
				SWIFT_ACTIVE_COMPILATION_CONDITIONS = DEBUG;
				SWIFT_OPTIMIZATION_LEVEL = "-Onone";
			};
			name = Debug;
		};
		A850538126FBE1FF00A101EE /* Release */ = {
			isa = XCBuildConfiguration;
			buildSettings = {
				ALWAYS_SEARCH_USER_PATHS = NO;
				CLANG_ANALYZER_NONNULL = YES;
				CLANG_ANALYZER_NUMBER_OBJECT_CONVERSION = YES_AGGRESSIVE;
				CLANG_CXX_LANGUAGE_STANDARD = "gnu++17";
				CLANG_CXX_LIBRARY = "libc++";
				CLANG_ENABLE_MODULES = YES;
				CLANG_ENABLE_OBJC_ARC = YES;
				CLANG_ENABLE_OBJC_WEAK = YES;
				CLANG_WARN_BLOCK_CAPTURE_AUTORELEASING = YES;
				CLANG_WARN_BOOL_CONVERSION = YES;
				CLANG_WARN_COMMA = YES;
				CLANG_WARN_CONSTANT_CONVERSION = YES;
				CLANG_WARN_DEPRECATED_OBJC_IMPLEMENTATIONS = YES;
				CLANG_WARN_DIRECT_OBJC_ISA_USAGE = YES_ERROR;
				CLANG_WARN_DOCUMENTATION_COMMENTS = YES;
				CLANG_WARN_EMPTY_BODY = YES;
				CLANG_WARN_ENUM_CONVERSION = YES;
				CLANG_WARN_INFINITE_RECURSION = YES;
				CLANG_WARN_INT_CONVERSION = YES;
				CLANG_WARN_NON_LITERAL_NULL_CONVERSION = YES;
				CLANG_WARN_OBJC_IMPLICIT_RETAIN_SELF = YES;
				CLANG_WARN_OBJC_LITERAL_CONVERSION = YES;
				CLANG_WARN_OBJC_ROOT_CLASS = YES_ERROR;
				CLANG_WARN_QUOTED_INCLUDE_IN_FRAMEWORK_HEADER = YES;
				CLANG_WARN_RANGE_LOOP_ANALYSIS = YES;
				CLANG_WARN_STRICT_PROTOTYPES = YES;
				CLANG_WARN_SUSPICIOUS_MOVE = YES;
				CLANG_WARN_UNGUARDED_AVAILABILITY = YES_AGGRESSIVE;
				CLANG_WARN_UNREACHABLE_CODE = YES;
				CLANG_WARN__DUPLICATE_METHOD_MATCH = YES;
				COPY_PHASE_STRIP = NO;
				DEBUG_INFORMATION_FORMAT = "dwarf-with-dsym";
				ENABLE_NS_ASSERTIONS = NO;
				ENABLE_STRICT_OBJC_MSGSEND = YES;
				GCC_C_LANGUAGE_STANDARD = gnu11;
				GCC_NO_COMMON_BLOCKS = YES;
				GCC_WARN_64_TO_32_BIT_CONVERSION = YES;
				GCC_WARN_ABOUT_RETURN_TYPE = YES_ERROR;
				GCC_WARN_UNDECLARED_SELECTOR = YES;
				GCC_WARN_UNINITIALIZED_AUTOS = YES_AGGRESSIVE;
				GCC_WARN_UNUSED_FUNCTION = YES;
				GCC_WARN_UNUSED_VARIABLE = YES;
				IPHONEOS_DEPLOYMENT_TARGET = 15.0;
				MTL_ENABLE_DEBUG_INFO = NO;
				MTL_FAST_MATH = YES;
				SDKROOT = iphoneos;
				SWIFT_COMPILATION_MODE = wholemodule;
				SWIFT_OPTIMIZATION_LEVEL = "-O";
				VALIDATE_PRODUCT = YES;
			};
			name = Release;
		};
		A850538326FBE1FF00A101EE /* Debug */ = {
			isa = XCBuildConfiguration;
			buildSettings = {
				ASSETCATALOG_COMPILER_APPICON_NAME = AppIcon;
				ASSETCATALOG_COMPILER_GLOBAL_ACCENT_COLOR_NAME = AccentColor;
				CODE_SIGN_STYLE = Automatic;
				CURRENT_PROJECT_VERSION = 1;
				DEVELOPMENT_TEAM = 27PSB8Z6LU;
				GENERATE_INFOPLIST_FILE = YES;
				INFOPLIST_FILE = Flix/Info.plist;
				INFOPLIST_KEY_UIApplicationSupportsIndirectInputEvents = YES;
				INFOPLIST_KEY_UILaunchStoryboardName = LaunchScreen;
				INFOPLIST_KEY_UIMainStoryboardFile = Main;
				INFOPLIST_KEY_UISupportedInterfaceOrientations_iPad = "UIInterfaceOrientationPortrait UIInterfaceOrientationPortraitUpsideDown UIInterfaceOrientationLandscapeLeft UIInterfaceOrientationLandscapeRight";
				INFOPLIST_KEY_UISupportedInterfaceOrientations_iPhone = "UIInterfaceOrientationPortrait UIInterfaceOrientationLandscapeLeft UIInterfaceOrientationLandscapeRight";
				LD_RUNPATH_SEARCH_PATHS = (
					"$(inherited)",
					"@executable_path/Frameworks",
				);
				MARKETING_VERSION = 1.0;
				PRODUCT_BUNDLE_IDENTIFIER = alexperryrhodes.OSU.Flix;
				PRODUCT_NAME = "$(TARGET_NAME)";
				SWIFT_EMIT_LOC_STRINGS = YES;
				SWIFT_VERSION = 5.0;
				TARGETED_DEVICE_FAMILY = "1,2";
			};
			name = Debug;
		};
		A850538426FBE1FF00A101EE /* Release */ = {
			isa = XCBuildConfiguration;
			buildSettings = {
				ASSETCATALOG_COMPILER_APPICON_NAME = AppIcon;
				ASSETCATALOG_COMPILER_GLOBAL_ACCENT_COLOR_NAME = AccentColor;
				CODE_SIGN_STYLE = Automatic;
				CURRENT_PROJECT_VERSION = 1;
				DEVELOPMENT_TEAM = 27PSB8Z6LU;
				GENERATE_INFOPLIST_FILE = YES;
				INFOPLIST_FILE = Flix/Info.plist;
				INFOPLIST_KEY_UIApplicationSupportsIndirectInputEvents = YES;
				INFOPLIST_KEY_UILaunchStoryboardName = LaunchScreen;
				INFOPLIST_KEY_UIMainStoryboardFile = Main;
				INFOPLIST_KEY_UISupportedInterfaceOrientations_iPad = "UIInterfaceOrientationPortrait UIInterfaceOrientationPortraitUpsideDown UIInterfaceOrientationLandscapeLeft UIInterfaceOrientationLandscapeRight";
				INFOPLIST_KEY_UISupportedInterfaceOrientations_iPhone = "UIInterfaceOrientationPortrait UIInterfaceOrientationLandscapeLeft UIInterfaceOrientationLandscapeRight";
				LD_RUNPATH_SEARCH_PATHS = (
					"$(inherited)",
					"@executable_path/Frameworks",
				);
				MARKETING_VERSION = 1.0;
				PRODUCT_BUNDLE_IDENTIFIER = alexperryrhodes.OSU.Flix;
				PRODUCT_NAME = "$(TARGET_NAME)";
				SWIFT_EMIT_LOC_STRINGS = YES;
				SWIFT_VERSION = 5.0;
				TARGETED_DEVICE_FAMILY = "1,2";
			};
			name = Release;
		};
		A850538626FBE1FF00A101EE /* Debug */ = {
			isa = XCBuildConfiguration;
			buildSettings = {
				ALWAYS_EMBED_SWIFT_STANDARD_LIBRARIES = YES;
				BUNDLE_LOADER = "$(TEST_HOST)";
				CODE_SIGN_STYLE = Automatic;
				CURRENT_PROJECT_VERSION = 1;
				DEVELOPMENT_TEAM = 27PSB8Z6LU;
				GENERATE_INFOPLIST_FILE = YES;
				IPHONEOS_DEPLOYMENT_TARGET = 15.0;
				LD_RUNPATH_SEARCH_PATHS = (
					"$(inherited)",
					"@executable_path/Frameworks",
					"@loader_path/Frameworks",
				);
				MARKETING_VERSION = 1.0;
				PRODUCT_BUNDLE_IDENTIFIER = alexperryrhodes.OSU.FlixTests;
				PRODUCT_NAME = "$(TARGET_NAME)";
				SWIFT_EMIT_LOC_STRINGS = NO;
				SWIFT_VERSION = 5.0;
				TARGETED_DEVICE_FAMILY = "1,2";
				TEST_HOST = "$(BUILT_PRODUCTS_DIR)/Flix.app/Flix";
			};
			name = Debug;
		};
		A850538726FBE1FF00A101EE /* Release */ = {
			isa = XCBuildConfiguration;
			buildSettings = {
				ALWAYS_EMBED_SWIFT_STANDARD_LIBRARIES = YES;
				BUNDLE_LOADER = "$(TEST_HOST)";
				CODE_SIGN_STYLE = Automatic;
				CURRENT_PROJECT_VERSION = 1;
				DEVELOPMENT_TEAM = 27PSB8Z6LU;
				GENERATE_INFOPLIST_FILE = YES;
				IPHONEOS_DEPLOYMENT_TARGET = 15.0;
				LD_RUNPATH_SEARCH_PATHS = (
					"$(inherited)",
					"@executable_path/Frameworks",
					"@loader_path/Frameworks",
				);
				MARKETING_VERSION = 1.0;
				PRODUCT_BUNDLE_IDENTIFIER = alexperryrhodes.OSU.FlixTests;
				PRODUCT_NAME = "$(TARGET_NAME)";
				SWIFT_EMIT_LOC_STRINGS = NO;
				SWIFT_VERSION = 5.0;
				TARGETED_DEVICE_FAMILY = "1,2";
				TEST_HOST = "$(BUILT_PRODUCTS_DIR)/Flix.app/Flix";
			};
			name = Release;
		};
		A850538926FBE1FF00A101EE /* Debug */ = {
			isa = XCBuildConfiguration;
			buildSettings = {
				ALWAYS_EMBED_SWIFT_STANDARD_LIBRARIES = YES;
				CODE_SIGN_STYLE = Automatic;
				CURRENT_PROJECT_VERSION = 1;
				DEVELOPMENT_TEAM = 27PSB8Z6LU;
				GENERATE_INFOPLIST_FILE = YES;
				LD_RUNPATH_SEARCH_PATHS = (
					"$(inherited)",
					"@executable_path/Frameworks",
					"@loader_path/Frameworks",
				);
				MARKETING_VERSION = 1.0;
				PRODUCT_BUNDLE_IDENTIFIER = alexperryrhodes.OSU.FlixUITests;
				PRODUCT_NAME = "$(TARGET_NAME)";
				SWIFT_EMIT_LOC_STRINGS = NO;
				SWIFT_VERSION = 5.0;
				TARGETED_DEVICE_FAMILY = "1,2";
				TEST_TARGET_NAME = Flix;
			};
			name = Debug;
		};
		A850538A26FBE1FF00A101EE /* Release */ = {
			isa = XCBuildConfiguration;
			buildSettings = {
				ALWAYS_EMBED_SWIFT_STANDARD_LIBRARIES = YES;
				CODE_SIGN_STYLE = Automatic;
				CURRENT_PROJECT_VERSION = 1;
				DEVELOPMENT_TEAM = 27PSB8Z6LU;
				GENERATE_INFOPLIST_FILE = YES;
				LD_RUNPATH_SEARCH_PATHS = (
					"$(inherited)",
					"@executable_path/Frameworks",
					"@loader_path/Frameworks",
				);
				MARKETING_VERSION = 1.0;
				PRODUCT_BUNDLE_IDENTIFIER = alexperryrhodes.OSU.FlixUITests;
				PRODUCT_NAME = "$(TARGET_NAME)";
				SWIFT_EMIT_LOC_STRINGS = NO;
				SWIFT_VERSION = 5.0;
				TARGETED_DEVICE_FAMILY = "1,2";
				TEST_TARGET_NAME = Flix;
			};
			name = Release;
		};
/* End XCBuildConfiguration section */

/* Begin XCConfigurationList section */
		A850535326FBE1FE00A101EE /* Build configuration list for PBXProject "Flix" */ = {
			isa = XCConfigurationList;
			buildConfigurations = (
				A850538026FBE1FF00A101EE /* Debug */,
				A850538126FBE1FF00A101EE /* Release */,
			);
			defaultConfigurationIsVisible = 0;
			defaultConfigurationName = Release;
		};
		A850538226FBE1FF00A101EE /* Build configuration list for PBXNativeTarget "Flix" */ = {
			isa = XCConfigurationList;
			buildConfigurations = (
				A850538326FBE1FF00A101EE /* Debug */,
				A850538426FBE1FF00A101EE /* Release */,
			);
			defaultConfigurationIsVisible = 0;
			defaultConfigurationName = Release;
		};
		A850538526FBE1FF00A101EE /* Build configuration list for PBXNativeTarget "FlixTests" */ = {
			isa = XCConfigurationList;
			buildConfigurations = (
				A850538626FBE1FF00A101EE /* Debug */,
				A850538726FBE1FF00A101EE /* Release */,
			);
			defaultConfigurationIsVisible = 0;
			defaultConfigurationName = Release;
		};
		A850538826FBE1FF00A101EE /* Build configuration list for PBXNativeTarget "FlixUITests" */ = {
			isa = XCConfigurationList;
			buildConfigurations = (
				A850538926FBE1FF00A101EE /* Debug */,
				A850538A26FBE1FF00A101EE /* Release */,
			);
			defaultConfigurationIsVisible = 0;
			defaultConfigurationName = Release;
		};
/* End XCConfigurationList section */

/* Begin XCRemoteSwiftPackageReference section */
		A809C20D26FD5096005F2FF3 /* XCRemoteSwiftPackageReference "AlamofireImage" */ = {
			isa = XCRemoteSwiftPackageReference;
			repositoryURL = "https://github.com/Alamofire/AlamofireImage";
			requirement = {
				kind = upToNextMajorVersion;
				minimumVersion = 4.0.0;
			};
		};
/* End XCRemoteSwiftPackageReference section */

/* Begin XCSwiftPackageProductDependency section */
		A809C20E26FD5096005F2FF3 /* AlamofireImage */ = {
			isa = XCSwiftPackageProductDependency;
			package = A809C20D26FD5096005F2FF3 /* XCRemoteSwiftPackageReference "AlamofireImage" */;
			productName = AlamofireImage;
		};
/* End XCSwiftPackageProductDependency section */
	};
	rootObject = A850535026FBE1FE00A101EE /* Project object */;
}
